# THIS IS AN AUTOGENERATED FILE. DO NOT EDIT THIS FILE DIRECTLY.
# yarn lockfile v1


"@sindresorhus/is@^4.0.0":
  version "4.2.0"
  resolved "https://registry.npmmirror.com/@sindresorhus/is/download/@sindresorhus/is-4.2.0.tgz#667bfc6186ae7c9e0b45a08960c551437176e1ca"
  integrity sha1-Znv8YYaufJ4LRaCJYMVRQ3F24co=

"@szmarczak/http-timer@^4.0.5":
  version "4.0.6"
  resolved "https://registry.npmmirror.com/@szmarczak/http-timer/download/@szmarczak/http-timer-4.0.6.tgz#b4a914bb62e7c272d4e5989fe4440f812ab1d807"
  integrity sha1-tKkUu2LnwnLU5Zif5EQPgSqx2Ac=
  dependencies:
    defer-to-connect "^2.0.0"

"@types/cacheable-request@^6.0.1":
  version "6.0.2"
  resolved "https://registry.npmmirror.com/@types/cacheable-request/download/@types/cacheable-request-6.0.2.tgz#c324da0197de0a98a2312156536ae262429ff6b9"
  integrity sha1-wyTaAZfeCpiiMSFWU2riYkKf9rk=
  dependencies:
    "@types/http-cache-semantics" "*"
    "@types/keyv" "*"
    "@types/node" "*"
    "@types/responselike" "*"

"@types/http-cache-semantics@*":
  version "4.0.1"
  resolved "https://registry.npmmirror.com/@types/http-cache-semantics/download/@types/http-cache-semantics-4.0.1.tgz#0ea7b61496902b95890dc4c3a116b60cb8dae812"
  integrity sha1-Dqe2FJaQK5WJDcTDoRa2DLja6BI=

"@types/keyv@*":
  version "3.1.3"
  resolved "https://registry.npmmirror.com/@types/keyv/download/@types/keyv-3.1.3.tgz#1c9aae32872ec1f20dcdaee89a9f3ba88f465e41"
  integrity sha1-HJquMocuwfINza7omp87qI9GXkE=
  dependencies:
    "@types/node" "*"

"@types/node@*":
  version "16.11.8"
  resolved "https://registry.npmmirror.com/@types/node/download/@types/node-16.11.8.tgz?cache=0&sync_timestamp=1637263099171&other_urls=https%3A%2F%2Fregistry.npmmirror.com%2F%40types%2Fnode%2Fdownload%2F%40types%2Fnode-16.11.8.tgz#a1aeb23f0aa33cb111e64ccaa1687b2ae0423b69"
  integrity sha512-hmT5gfpRkkHr7DZZHMf3jBe/zNcVGN+jXSL2f8nAsYfBPxQFToKwQlS/zES4Sjp488Bi73i+p6bvrNRRGU0x9Q==

"@types/responselike@*", "@types/responselike@^1.0.0":
  version "1.0.0"
  resolved "https://registry.npmmirror.com/@types/responselike/download/@types/responselike-1.0.0.tgz#251f4fe7d154d2bad125abe1b429b23afd262e29"
  integrity sha1-JR9P59FU0rrRJavhtCmyOv0mLik=
  dependencies:
    "@types/node" "*"

balanced-match@^1.0.0:
  version "1.0.2"
  resolved "https://registry.npmmirror.com/balanced-match/download/balanced-match-1.0.2.tgz#e83e3a7e3f300b34cb9d87f615fa0cbf357690ee"
  integrity sha1-6D46fj8wCzTLnYf2FfoMvzV2kO4=

brace-expansion@^1.1.7:
  version "1.1.11"
  resolved "https://registry.npmmirror.com/brace-expansion/download/brace-expansion-1.1.11.tgz#3c7fcbf529d87226f3d2f52b966ff5271eb441dd"
  integrity sha1-PH/L9SnYcibz0vUrlm/1Jx60Qd0=
  dependencies:
    balanced-match "^1.0.0"
    concat-map "0.0.1"

cacheable-lookup@^5.0.3:
  version "5.0.4"
  resolved "https://registry.npmmirror.com/cacheable-lookup/download/cacheable-lookup-5.0.4.tgz#5a6b865b2c44357be3d5ebc2a467b032719a7005"
  integrity sha1-WmuGWyxENXvj1evCpGewMnGacAU=

cacheable-request@^7.0.2:
  version "7.0.2"
  resolved "https://registry.npmmirror.com/cacheable-request/download/cacheable-request-7.0.2.tgz#ea0d0b889364a25854757301ca12b2da77f91d27"
  integrity sha1-6g0LiJNkolhUdXMByhKy2nf5HSc=
  dependencies:
    clone-response "^1.0.2"
    get-stream "^5.1.0"
    http-cache-semantics "^4.0.0"
    keyv "^4.0.0"
    lowercase-keys "^2.0.0"
    normalize-url "^6.0.1"
    responselike "^2.0.0"

clone-response@^1.0.2:
  version "1.0.2"
  resolved "https://registry.npmmirror.com/clone-response/download/clone-response-1.0.2.tgz#d1dc973920314df67fbeb94223b4ee350239e96b"
  integrity sha1-0dyXOSAxTfZ/vrlCI7TuNQI56Ws=
  dependencies:
    mimic-response "^1.0.0"

concat-map@0.0.1:
  version "0.0.1"
  resolved "https://registry.npmmirror.com/concat-map/download/concat-map-0.0.1.tgz#d8a96bd77fd68df7793a73036a3ba0d5405d477b"
  integrity sha1-2Klr13/Wjfd5OnMDajug1UBdR3s=

decompress-response@^6.0.0:
  version "6.0.0"
  resolved "https://registry.npmmirror.com/decompress-response/download/decompress-response-6.0.0.tgz#ca387612ddb7e104bd16d85aab00d5ecf09c66fc"
  integrity sha1-yjh2Et234QS9FthaqwDV7PCcZvw=
  dependencies:
    mimic-response "^3.1.0"

defer-to-connect@^2.0.0:
  version "2.0.1"
  resolved "https://registry.npmmirror.com/defer-to-connect/download/defer-to-connect-2.0.1.tgz#8016bdb4143e4632b77a3449c6236277de520587"
  integrity sha1-gBa9tBQ+RjK3ejRJxiNid95SBYc=

end-of-stream@^1.1.0:
  version "1.4.4"
  resolved "https://registry.npmmirror.com/end-of-stream/download/end-of-stream-1.4.4.tgz#5ae64a5f45057baf3626ec14da0ca5e4b2431eb0"
  integrity sha1-WuZKX0UFe682JuwU2gyl5LJDHrA=
  dependencies:
    once "^1.4.0"

fs.realpath@^1.0.0:
  version "1.0.0"
  resolved "https://registry.npmmirror.com/fs.realpath/download/fs.realpath-1.0.0.tgz#1504ad2523158caa40db4a2787cb01411994ea4f"
  integrity sha1-FQStJSMVjKpA20onh8sBQRmU6k8=

fsevents@~2.3.2:
  version "2.3.2"
  resolved "https://registry.npmmirror.com/fsevents/download/fsevents-2.3.2.tgz#8a526f78b8fdf4623b709e0b975c52c24c02fd1a"
  integrity sha1-ilJveLj99GI7cJ4Ll1xSwkwC/Ro=

get-stream@^5.1.0:
  version "5.2.0"
  resolved "https://registry.npmmirror.com/get-stream/download/get-stream-5.2.0.tgz#4966a1795ee5ace65e706c4b7beb71257d6e22d3"
  integrity sha1-SWaheV7lrOZecGxLe+txJX1uItM=
  dependencies:
    pump "^3.0.0"

glob@^7.1.3:
  version "7.2.0"
  resolved "https://registry.npmmirror.com/glob/download/glob-7.2.0.tgz#d15535af7732e02e948f4c41628bd910293f6023"
  integrity sha1-0VU1r3cy4C6Uj0xBYovZECk/YCM=
  dependencies:
    fs.realpath "^1.0.0"
    inflight "^1.0.4"
    inherits "2"
    minimatch "^3.0.4"
    once "^1.3.0"
    path-is-absolute "^1.0.0"

got@^11.8.3:
  version "11.8.3"
  resolved "https://registry.npmmirror.com/got/download/got-11.8.3.tgz?cache=0&sync_timestamp=1637211912451&other_urls=https%3A%2F%2Fregistry.npmmirror.com%2Fgot%2Fdownload%2Fgot-11.8.3.tgz#f496c8fdda5d729a90b4905d2b07dbd148170770"
  integrity sha512-7gtQ5KiPh1RtGS9/Jbv1ofDpBFuq42gyfEib+ejaRBJuj/3tQFeR5+gw57e4ipaU8c/rCjvX6fkQz2lyDlGAOg==
  dependencies:
    "@sindresorhus/is" "^4.0.0"
    "@szmarczak/http-timer" "^4.0.5"
    "@types/cacheable-request" "^6.0.1"
    "@types/responselike" "^1.0.0"
    cacheable-lookup "^5.0.3"
    cacheable-request "^7.0.2"
    decompress-response "^6.0.0"
    http2-wrapper "^1.0.0-beta.5.2"
    lowercase-keys "^2.0.0"
    p-cancelable "^2.0.0"
    responselike "^2.0.0"

http-cache-semantics@^4.0.0:
  version "4.1.0"
  resolved "https://registry.npmmirror.com/http-cache-semantics/download/http-cache-semantics-4.1.0.tgz#49e91c5cbf36c9b94bcfcd71c23d5249ec74e390"
  integrity sha1-SekcXL82yblLz81xwj1SSex045A=

http2-wrapper@^1.0.0-beta.5.2:
  version "1.0.3"
  resolved "https://registry.npmmirror.com/http2-wrapper/download/http2-wrapper-1.0.3.tgz?cache=0&sync_timestamp=1633705163084&other_urls=https%3A%2F%2Fregistry.npmmirror.com%2Fhttp2-wrapper%2Fdownload%2Fhttp2-wrapper-1.0.3.tgz#b8f55e0c1f25d4ebd08b3b0c2c079f9590800b3d"
  integrity sha1-uPVeDB8l1OvQizsMLAeflZCACz0=
  dependencies:
    quick-lru "^5.1.1"
    resolve-alpn "^1.0.0"

inflight@^1.0.4:
  version "1.0.6"
  resolved "https://registry.npmmirror.com/inflight/download/inflight-1.0.6.tgz#49bd6331d7d02d0c09bc910a1075ba8165b56df9"
  integrity sha1-Sb1jMdfQLQwJvJEKEHW6gWW1bfk=
  dependencies:
    once "^1.3.0"
    wrappy "1"

inherits@2:
  version "2.0.4"
  resolved "https://registry.npmmirror.com/inherits/download/inherits-2.0.4.tgz#0fa2c64f932917c3433a0ded55363aae37416b7c"
  integrity sha1-D6LGT5MpF8NDOg3tVTY6rjdBa3w=

json-buffer@3.0.1:
  version "3.0.1"
  resolved "https://registry.npmmirror.com/json-buffer/download/json-buffer-3.0.1.tgz#9338802a30d3b6605fbe0613e094008ca8c05a13"
  integrity sha1-kziAKjDTtmBfvgYT4JQAjKjAWhM=

keyv@^4.0.0:
  version "4.0.4"
  resolved "https://registry.npmmirror.com/keyv/download/keyv-4.0.4.tgz#f040b236ea2b06ed15ed86fbef8407e1a1c8e376"
  integrity sha1-8ECyNuorBu0V7Yb774QH4aHI43Y=
  dependencies:
    json-buffer "3.0.1"

lowercase-keys@^2.0.0:
  version "2.0.0"
  resolved "https://registry.npmmirror.com/lowercase-keys/download/lowercase-keys-2.0.0.tgz?cache=0&sync_timestamp=1634551891067&other_urls=https%3A%2F%2Fregistry.npmmirror.com%2Flowercase-keys%2Fdownload%2Flowercase-keys-2.0.0.tgz#2603e78b7b4b0006cbca2fbcc8a3202558ac9479"
  integrity sha1-JgPni3tLAAbLyi+8yKMgJVislHk=

mimic-response@^1.0.0:
  version "1.0.1"
  resolved "https://registry.npmmirror.com/mimic-response/download/mimic-response-1.0.1.tgz#4923538878eef42063cb8a3e3b0798781487ab1b"
  integrity sha1-SSNTiHju9CBjy4o+OweYeBSHqxs=

mimic-response@^3.1.0:
  version "3.1.0"
  resolved "https://registry.npmmirror.com/mimic-response/download/mimic-response-3.1.0.tgz#2d1d59af9c1b129815accc2c46a022a5ce1fa3c9"
  integrity sha1-LR1Zr5wbEpgVrMwsRqAipc4fo8k=

minimatch@^3.0.4:
  version "3.0.4"
  resolved "https://registry.npmmirror.com/minimatch/download/minimatch-3.0.4.tgz#5166e286457f03306064be5497e8dbb0c3d32083"
  integrity sha1-UWbihkV/AzBgZL5Ul+jbsMPTIIM=
  dependencies:
    brace-expansion "^1.1.7"

normalize-url@^6.0.1:
  version "6.1.0"
  resolved "https://registry.npmmirror.com/normalize-url/download/normalize-url-6.1.0.tgz#40d0885b535deffe3f3147bec877d05fe4c5668a"
  integrity sha1-QNCIW1Nd7/4/MUe+yHfQX+TFZoo=

once@^1.3.0, once@^1.3.1, once@^1.4.0:
  version "1.4.0"
  resolved "https://registry.npmmirror.com/once/download/once-1.4.0.tgz#583b1aa775961d4b113ac17d9c50baef9dd76bd1"
  integrity sha1-WDsap3WWHUsROsF9nFC6753Xa9E=
  dependencies:
    wrappy "1"

p-cancelable@^2.0.0:
  version "2.1.1"
  resolved "https://registry.npmmirror.com/p-cancelable/download/p-cancelable-2.1.1.tgz#aab7fbd416582fa32a3db49859c122487c5ed2cf"
  integrity sha1-qrf71BZYL6MqPbSYWcEiSHxe0s8=

path-is-absolute@^1.0.0:
  version "1.0.1"
  resolved "https://registry.npmmirror.com/path-is-absolute/download/path-is-absolute-1.0.1.tgz#174b9268735534ffbc7ace6bf53a5a9e1b5c5f5f"
  integrity sha1-F0uSaHNVNP+8es5r9TpanhtcX18=

pify@^5.0.0:
  version "5.0.0"
  resolved "https://registry.npmmirror.com/pify/download/pify-5.0.0.tgz#1f5eca3f5e87ebec28cc6d54a0e4aaf00acc127f"
  integrity sha1-H17KP16H6+wozG1UoOSq8ArMEn8=

pump@^3.0.0:
  version "3.0.0"
  resolved "https://registry.npmmirror.com/pump/download/pump-3.0.0.tgz#b4a2116815bde2f4e1ea602354e8c75565107a64"
  integrity sha1-tKIRaBW94vTh6mAjVOjHVWUQemQ=
  dependencies:
    end-of-stream "^1.1.0"
    once "^1.3.1"

quick-lru@^5.1.1:
  version "5.1.1"
  resolved "https://registry.npmmirror.com/quick-lru/download/quick-lru-5.1.1.tgz#366493e6b3e42a3a6885e2e99d18f80fb7a8c932"
  integrity sha1-NmST5rPkKjpoheLpnRj4D7eoyTI=

read-chunk@^4.0.2:
  version "4.0.2"
  resolved "https://registry.npmmirror.com/read-chunk/download/read-chunk-4.0.2.tgz#a2bb5fda9370b5967268011c73ce4fe33021497a"
  integrity sha1-ortf2pNwtZZyaAEcc85P4zAhSXo=
  dependencies:
    pify "^5.0.0"

resolve-alpn@^1.0.0:
  version "1.2.1"
  resolved "https://registry.npmmirror.com/resolve-alpn/download/resolve-alpn-1.2.1.tgz#b7adbdac3546aaaec20b45e7d8265927072726f9"
  integrity sha1-t629rDVGqq7CC0Xn2CZZJwcnJvk=

responselike@^2.0.0:
  version "2.0.0"
  resolved "https://registry.npmmirror.com/responselike/download/responselike-2.0.0.tgz#26391bcc3174f750f9a79eacc40a12a5c42d7723"
  integrity sha1-JjkbzDF091D5p56sxAoSpcQtdyM=
  dependencies:
    lowercase-keys "^2.0.0"

rimraf@^2.6.2:
  version "2.7.1"
  resolved "https://registry.npmmirror.com/rimraf/download/rimraf-2.7.1.tgz#35797f13a7fdadc566142c29d4f07ccad483e3ec"
  integrity sha1-NXl/E6f9rcVmFCwp1PB8ytSD4+w=
  dependencies:
    glob "^7.1.3"

rollup-plugin-clear@^2.0.7:
  version "2.0.7"
  resolved "https://registry.npmmirror.com/rollup-plugin-clear/download/rollup-plugin-clear-2.0.7.tgz#27a191bccb3964246ca2aad427e8798cbe87c9b1"
  integrity sha1-J6GRvMs5ZCRsoqrUJ+h5jL6HybE=
  dependencies:
    rimraf "^2.6.2"

rollup@^2.60.0:
  version "2.60.0"
  resolved "https://registry.npmmirror.com/rollup/download/rollup-2.60.0.tgz?cache=0&sync_timestamp=1636694314454&other_urls=https%3A%2F%2Fregistry.npmmirror.com%2Frollup%2Fdownload%2Frollup-2.60.0.tgz#4ee60ab7bdd0356763f87d7099f413e5460fc193"
  integrity sha512-cHdv9GWd58v58rdseC8e8XIaPUo8a9cgZpnCMMDGZFDZKEODOiPPEQFXLriWr/TjXzhPPmG5bkAztPsOARIcGQ==
  optionalDependencies:
    fsevents "~2.3.2"

wrappy@1:
  version "1.0.2"
  resolved "https://registry.npmmirror.com/wrappy/download/wrappy-1.0.2.tgz#b5243d8f3ec1aa35f1364605bc0d1036e30ab69f"
  integrity sha1-tSQ9jz7BqjXxNkYFvA0QNuMKtp8=
